
Microsoft Visual Studio Solution File, Format Version 12.00
# Visual Studio 2013
VisualStudioVersion = 12.0.21005.1
MinimumVisualStudioVersion = 10.0.40219.1
Project("{FAE04EC0-301F-11D3-BF4B-00C04F79EFBC}") = "apisShopBridgeInventory", "apisShopBridge\apisShopBridgeInventory.csproj", "{7190E3E1-712A-418C-A1A2-A8110C04852A}"
EndProject
Project("{FAE04EC0-301F-11D3-BF4B-00C04F79EFBC}") = "WebAPIsUnitTests", "WebAPIsUnitTests\WebAPIsUnitTests.csproj", "{802548F1-FE29-4A37-A6E6-B6A2F8A8A9F0}"
EndProject
Global
	GlobalSection(SolutionConfigurationPlatforms) = preSolution
		Debug|Any CPU = Debug|Any CPU
		Release|Any CPU = Release|Any CPU
	EndGlobalSection
	GlobalSection(ProjectConfigurationPlatforms) = postSolution
		{7190E3E1-712A-418C-A1A2-A8110C04852A}.Debug|Any CPU.ActiveCfg = Debug|Any CPU
		{7190E3E1-712A-418C-A1A2-A8110C04852A}.Debug|Any CPU.Build.0 = Debug|Any CPU
		{7190E3E1-712A-418C-A1A2-A8110C04852A}.Release|Any CPU.ActiveCfg = Release|Any CPU
		{7190E3E1-712A-418C-A1A2-A8110C04852A}.Release|Any CPU.Build.0 = Release|Any CPU
		{802548F1-FE29-4A37-A6E6-B6A2F8A8A9F0}.Debug|Any CPU.ActiveCfg = Debug|Any CPU
		{802548F1-FE29-4A37-A6E6-B6A2F8A8A9F0}.Debug|Any CPU.Build.0 = Debug|Any CPU
		{802548F1-FE29-4A37-A6E6-B6A2F8A8A9F0}.Release|Any CPU.ActiveCfg = Release|Any CPU
		{802548F1-FE29-4A37-A6E6-B6A2F8A8A9F0}.Release|Any CPU.Build.0 = Release|Any CPU
	EndGlobalSection
	GlobalSection(SolutionProperties) = preSolution
		HideSolutionNode = FALSE
	EndGlobalSection
EndGlobal
